# THIS IS AN AUTOGENERATED FILE. DO NOT EDIT THIS FILE DIRECTLY.
# yarn lockfile v1


"@auth/core@0.41.0":
  version "0.41.0"
  resolved "https://registry.yarnpkg.com/@auth/core/-/core-0.41.0.tgz#6a57e18ab0dd0fc2606f9f0f7460a67190966161"
  integrity sha512-Wd7mHPQ/8zy6Qj7f4T46vg3aoor8fskJm6g2Zyj064oQ3+p0xNZXAV60ww0hY+MbTesfu29kK14Zk5d5JTazXQ==
  dependencies:
    "@panva/hkdf" "^1.2.1"
    jose "^6.0.6"
    oauth4webapi "^3.3.0"
    preact "10.24.3"
    preact-render-to-string "6.5.11"

"@auth/core@0.41.1":
  version "0.41.1"
  resolved "https://registry.yarnpkg.com/@auth/core/-/core-0.41.1.tgz#31f8ce7b0ded266fed54b9407596304cbbd14c65"
  integrity sha512-t9cJ2zNYAdWMacGRMT6+r4xr1uybIdmYa49calBPeTqwgAFPV/88ac9TEvCR85pvATiSPt8VaNf+Gt24JIT/uw==
  dependencies:
    "@panva/hkdf" "^1.2.1"
    jose "^6.0.6"
    oauth4webapi "^3.3.0"
    preact "10.24.3"
    preact-render-to-string "6.5.11"

"@auth/prisma-adapter@^2.7.4":
  version "2.11.1"
  resolved "https://registry.yarnpkg.com/@auth/prisma-adapter/-/prisma-adapter-2.11.1.tgz#11ee7e811f54e623b9422ce5cc81744cad8e74c0"
  integrity sha512-Ke7DXP0Fy0Mlmjz/ZJLXwQash2UkA4621xCM0rMtEczr1kppLc/njCbUkHkIQ/PnmILjqSPEKeTjDPsYruvkug==
  dependencies:
    "@auth/core" "0.41.1"

"@emnapi/runtime@^1.2.0":
  version "1.8.1"
  resolved "https://registry.yarnpkg.com/@emnapi/runtime/-/runtime-1.8.1.tgz#550fa7e3c0d49c5fb175a116e8cd70614f9a22a5"
  integrity sha512-mehfKSMWjjNol8659Z8KxEMrdSJDDot5SXMq00dM8BN4o+CLNXQ0xH2V7EchNHV4RmbZLmmPdEaXZc5H2FXmDg==
  dependencies:
    tslib "^2.4.0"

"@img/sharp-darwin-arm64@0.33.5":
  version "0.33.5"
  resolved "https://registry.yarnpkg.com/@img/sharp-darwin-arm64/-/sharp-darwin-arm64-0.33.5.tgz#ef5b5a07862805f1e8145a377c8ba6e98813ca08"
  integrity sha512-UT4p+iz/2H4twwAoLCqfA9UH5pI6DggwKEGuaPy7nCVQ8ZsiY5PIcrRvD1DzuY3qYL07NtIQcWnBSY/heikIFQ==
  optionalDependencies:
    "@img/sharp-libvips-darwin-arm64" "1.0.4"

"@img/sharp-darwin-x64@0.33.5":
  version "0.33.5"
  resolved "https://registry.yarnpkg.com/@img/sharp-darwin-x64/-/sharp-darwin-x64-0.33.5.tgz#e03d3451cd9e664faa72948cc70a403ea4063d61"
  integrity sha512-fyHac4jIc1ANYGRDxtiqelIbdWkIuQaI84Mv45KvGRRxSAa7o7d1ZKAOBaYbnepLC1WqxfpimdeWfvqqSGwR2Q==
  optionalDependencies:
    "@img/sharp-libvips-darwin-x64" "1.0.4"

"@img/sharp-libvips-darwin-arm64@1.0.4":
  version "1.0.4"
  resolved "https://registry.yarnpkg.com/@img/sharp-libvips-darwin-arm64/-/sharp-libvips-darwin-arm64-1.0.4.tgz#447c5026700c01a993c7804eb8af5f6e9868c07f"
  integrity sha512-XblONe153h0O2zuFfTAbQYAX2JhYmDHeWikp1LM9Hul9gVPjFY427k6dFEcOL72O01QxQsWi761svJ/ev9xEDg==

"@img/sharp-libvips-darwin-x64@1.0.4":
  version "1.0.4"
  resolved "https://registry.yarnpkg.com/@img/sharp-libvips-darwin-x64/-/sharp-libvips-darwin-x64-1.0.4.tgz#e0456f8f7c623f9dbfbdc77383caa72281d86062"
  integrity sha512-xnGR8YuZYfJGmWPvmlunFaWJsb9T/AO2ykoP3Fz/0X5XV2aoYBPkX6xqCQvUTKKiLddarLaxpzNe+b1hjeWHAQ==

"@img/sharp-libvips-linux-arm64@1.0.4":
  version "1.0.4"
  resolved "https://registry.yarnpkg.com/@img/sharp-libvips-linux-arm64/-/sharp-libvips-linux-arm64-1.0.4.tgz#979b1c66c9a91f7ff2893556ef267f90ebe51704"
  integrity sha512-9B+taZ8DlyyqzZQnoeIvDVR/2F4EbMepXMc/NdVbkzsJbzkUjhXv/70GQJ7tdLA4YJgNP25zukcxpX2/SueNrA==

"@img/sharp-libvips-linux-arm@1.0.5":
  version "1.0.5"
  resolved "https://registry.yarnpkg.com/@img/sharp-libvips-linux-arm/-/sharp-libvips-linux-arm-1.0.5.tgz#99f922d4e15216ec205dcb6891b721bfd2884197"
  integrity sha512-gvcC4ACAOPRNATg/ov8/MnbxFDJqf/pDePbBnuBDcjsI8PssmjoKMAz4LtLaVi+OnSb5FK/yIOamqDwGmXW32g==

"@img/sharp-libvips-linux-s390x@1.0.4":
  version "1.0.4"
  resolved "https://registry.yarnpkg.com/@img/sharp-libvips-linux-s390x/-/sharp-libvips-linux-s390x-1.0.4.tgz#f8a5eb1f374a082f72b3f45e2fb25b8118a8a5ce"
  integrity sha512-u7Wz6ntiSSgGSGcjZ55im6uvTrOxSIS8/dgoVMoiGE9I6JAfU50yH5BoDlYA1tcuGS7g/QNtetJnxA6QEsCVTA==

"@img/sharp-libvips-linux-x64@1.0.4":
  version "1.0.4"
  resolved "https://registry.yarnpkg.com/@img/sharp-libvips-linux-x64/-/sharp-libvips-linux-x64-1.0.4.tgz#d4c4619cdd157774906e15770ee119931c7ef5e0"
  integrity sha512-MmWmQ3iPFZr0Iev+BAgVMb3ZyC4KeFc3jFxnNbEPas60e1cIfevbtuyf9nDGIzOaW9PdnDciJm+wFFaTlj5xYw==

"@img/sharp-libvips-linuxmusl-arm64@1.0.4":
  version "1.0.4"
  resolved "https://registry.yarnpkg.com/@img/sharp-libvips-linuxmusl-arm64/-/sharp-libvips-linuxmusl-arm64-1.0.4.tgz#166778da0f48dd2bded1fa3033cee6b588f0d5d5"
  integrity sha512-9Ti+BbTYDcsbp4wfYib8Ctm1ilkugkA/uscUn6UXK1ldpC1JjiXbLfFZtRlBhjPZ5o1NCLiDbg8fhUPKStHoTA==

"@img/sharp-libvips-linuxmusl-x64@1.0.4":
  version "1.0.4"
  resolved "https://registry.yarnpkg.com/@img/sharp-libvips-linuxmusl-x64/-/sharp-libvips-linuxmusl-x64-1.0.4.tgz#93794e4d7720b077fcad3e02982f2f1c246751ff"
  integrity sha512-viYN1KX9m+/hGkJtvYYp+CCLgnJXwiQB39damAO7WMdKWlIhmYTfHjwSbQeUK/20vY154mwezd9HflVFM1wVSw==

"@img/sharp-linux-arm64@0.33.5":
  version "0.33.5"
  resolved "https://registry.yarnpkg.com/@img/sharp-linux-arm64/-/sharp-linux-arm64-0.33.5.tgz#edb0697e7a8279c9fc829a60fc35644c4839bb22"
  integrity sha512-JMVv+AMRyGOHtO1RFBiJy/MBsgz0x4AWrT6QoEVVTyh1E39TrCUpTRI7mx9VksGX4awWASxqCYLCV4wBZHAYxA==
  optionalDependencies:
    "@img/sharp-libvips-linux-arm64" "1.0.4"

"@img/sharp-linux-arm@0.33.5":
  version "0.33.5"
  resolved "https://registry.yarnpkg.com/@img/sharp-linux-arm/-/sharp-linux-arm-0.33.5.tgz#422c1a352e7b5832842577dc51602bcd5b6f5eff"
  integrity sha512-JTS1eldqZbJxjvKaAkxhZmBqPRGmxgu+qFKSInv8moZ2AmT5Yib3EQ1c6gp493HvrvV8QgdOXdyaIBrhvFhBMQ==
  optionalDependencies:
    "@img/sharp-libvips-linux-arm" "1.0.5"

"@img/sharp-linux-s390x@0.33.5":
  version "0.33.5"
  resolved "https://registry.yarnpkg.com/@img/sharp-linux-s390x/-/sharp-linux-s390x-0.33.5.tgz#f5c077926b48e97e4a04d004dfaf175972059667"
  integrity sha512-y/5PCd+mP4CA/sPDKl2961b+C9d+vPAveS33s6Z3zfASk2j5upL6fXVPZi7ztePZ5CuH+1kW8JtvxgbuXHRa4Q==
  optionalDependencies:
    "@img/sharp-libvips-linux-s390x" "1.0.4"

"@img/sharp-linux-x64@0.33.5":
  version "0.33.5"
  resolved "https://registry.yarnpkg.com/@img/sharp-linux-x64/-/sharp-linux-x64-0.33.5.tgz#d806e0afd71ae6775cc87f0da8f2d03a7c2209cb"
  integrity sha512-opC+Ok5pRNAzuvq1AG0ar+1owsu842/Ab+4qvU879ippJBHvyY5n2mxF1izXqkPYlGuP/M556uh53jRLJmzTWA==
  optionalDependencies:
    "@img/sharp-libvips-linux-x64" "1.0.4"

"@img/sharp-linuxmusl-arm64@0.33.5":
  version "0.33.5"
  resolved "https://registry.yarnpkg.com/@img/sharp-linuxmusl-arm64/-/sharp-linuxmusl-arm64-0.33.5.tgz#252975b915894fb315af5deea174651e208d3d6b"
  integrity sha512-XrHMZwGQGvJg2V/oRSUfSAfjfPxO+4DkiRh6p2AFjLQztWUuY/o8Mq0eMQVIY7HJ1CDQUJlxGGZRw1a5bqmd1g==
  optionalDependencies:
    "@img/sharp-libvips-linuxmusl-arm64" "1.0.4"

"@img/sharp-linuxmusl-x64@0.33.5":
  version "0.33.5"
  resolved "https://registry.yarnpkg.com/@img/sharp-linuxmusl-x64/-/sharp-linuxmusl-x64-0.33.5.tgz#3f4609ac5d8ef8ec7dadee80b560961a60fd4f48"
  integrity sha512-WT+d/cgqKkkKySYmqoZ8y3pxx7lx9vVejxW/W4DOFMYVSkErR+w7mf2u8m/y4+xHe7yY9DAXQMWQhpnMuFfScw==
  optionalDependencies:
    "@img/sharp-libvips-linuxmusl-x64" "1.0.4"

"@img/sharp-wasm32@0.33.5":
  version "0.33.5"
  resolved "https://registry.yarnpkg.com/@img/sharp-wasm32/-/sharp-wasm32-0.33.5.tgz#6f44f3283069d935bb5ca5813153572f3e6f61a1"
  integrity sha512-ykUW4LVGaMcU9lu9thv85CbRMAwfeadCJHRsg2GmeRa/cJxsVY9Rbd57JcMxBkKHag5U/x7TSBpScF4U8ElVzg==
  dependencies:
    "@emnapi/runtime" "^1.2.0"

"@img/sharp-win32-ia32@0.33.5":
  version "0.33.5"
  resolved "https://registry.yarnpkg.com/@img/sharp-win32-ia32/-/sharp-win32-ia32-0.33.5.tgz#1a0c839a40c5351e9885628c85f2e5dfd02b52a9"
  integrity sha512-T36PblLaTwuVJ/zw/LaH0PdZkRz5rd3SmMHX8GSmR7vtNSP5Z6bQkExdSK7xGWyxLw4sUknBuugTelgw2faBbQ==

"@img/sharp-win32-x64@0.33.5":
  version "0.33.5"
  resolved "https://registry.yarnpkg.com/@img/sharp-win32-x64/-/sharp-win32-x64-0.33.5.tgz#56f00962ff0c4e0eb93d34a047d29fa995e3e342"
  integrity sha512-MpY/o8/8kj+EcnxwvrP4aTJSWw/aZ7JIGR4aBeZkZw5B7/Jn+tY9/VNwtcoGmdT7GfggGIU4kygOMSbYnOrAbg==

"@next/env@15.2.8":
  version "15.2.8"
  resolved "https://registry.yarnpkg.com/@next/env/-/env-15.2.8.tgz#7e15f40f4569ea55e39423293a3280303c42583e"
  integrity sha512-TaEsAki14R7BlgywA05t2PFYfwZiNlGUHyIQHVyloXX3y+Dm0HUITe5YwTkjtuOQuDhuuLotNEad4VtnmE11Uw==

"@next/swc-darwin-arm64@15.2.5":
  version "15.2.5"
  resolved "https://registry.yarnpkg.com/@next/swc-darwin-arm64/-/swc-darwin-arm64-15.2.5.tgz#96648699915da3ce75ffb5de13209ee35127c984"
  integrity sha512-4OimvVlFTbgzPdA0kh8A1ih6FN9pQkL4nPXGqemEYgk+e7eQhsst/p35siNNqA49eQA6bvKZ1ASsDtu9gtXuog==

"@next/swc-darwin-x64@15.2.5":
  version "15.2.5"
  resolved "https://registry.yarnpkg.com/@next/swc-darwin-x64/-/swc-darwin-x64-15.2.5.tgz#a15c8d26070988806b5d5fa93401f6b8215d6e3c"
  integrity sha512-ohzRaE9YbGt1ctE0um+UGYIDkkOxHV44kEcHzLqQigoRLaiMtZzGrA11AJh2Lu0lv51XeiY1ZkUvkThjkVNBMA==

"@next/swc-linux-arm64-gnu@15.2.5":
  version "15.2.5"
  resolved "https://registry.yarnpkg.com/@next/swc-linux-arm64-gnu/-/swc-linux-arm64-gnu-15.2.5.tgz#2ae91e13f4c0f13cae3b5f0a9a733ed7baeed2d2"
  integrity sha512-FMSdxSUt5bVXqqOoZCc/Seg4LQep9w/fXTazr/EkpXW2Eu4IFI9FD7zBDlID8TJIybmvKk7mhd9s+2XWxz4flA==

"@next/swc-linux-arm64-musl@15.2.5":
  version "15.2.5"
  resolved "https://registry.yarnpkg.com/@next/swc-linux-arm64-musl/-/swc-linux-arm64-musl-15.2.5.tgz#06e5b2b813fadba450acfc01cd736f7a5a426240"
  integrity sha512-4ZNKmuEiW5hRKkGp2HWwZ+JrvK4DQLgf8YDaqtZyn7NYdl0cHfatvlnLFSWUayx9yFAUagIgRGRk8pFxS8Qniw==

"@next/swc-linux-x64-gnu@15.2.5":
  version "15.2.5"
  resolved "https://registry.yarnpkg.com/@next/swc-linux-x64-gnu/-/swc-linux-x64-gnu-15.2.5.tgz#0fe20795c73d6c8d070e333290fb8e57c6ce8caf"
  integrity sha512-bE6lHQ9GXIf3gCDE53u2pTl99RPZW5V1GLHSRMJ5l/oB/MT+cohu9uwnCK7QUph2xIOu2a6+27kL0REa/kqwZw==

"@next/swc-linux-x64-musl@15.2.5":
  version "15.2.5"
  resolved "https://registry.yarnpkg.com/@next/swc-linux-x64-musl/-/swc-linux-x64-musl-15.2.5.tgz#22b48ca266404742cf5d902849f8462fbda87141"
  integrity sha512-y7EeQuSkQbTAkCEQnJXm1asRUuGSWAchGJ3c+Qtxh8LVjXleZast8Mn/rL7tZOm7o35QeIpIcid6ufG7EVTTcA==

"@next/swc-win32-arm64-msvc@15.2.5":
  version "15.2.5"
  resolved "https://registry.yarnpkg.com/@next/swc-win32-arm64-msvc/-/swc-win32-arm64-msvc-15.2.5.tgz#f473ac2361cee903bf33d45611ad2a2f921e9424"
  integrity sha512-gQMz0yA8/dskZM2Xyiq2FRShxSrsJNha40Ob/M2n2+JGRrZ0JwTVjLdvtN6vCxuq4ByhOd4a9qEf60hApNR2gQ==

"@next/swc-win32-x64-msvc@15.2.5":
  version "15.2.5"
  resolved "https://registry.yarnpkg.com/@next/swc-win32-x64-msvc/-/swc-win32-x64-msvc-15.2.5.tgz#292c1f68ea15bec061a856ee95051e73bb30d2b4"
  integrity sha512-tBDNVUcI7U03+3oMvJ11zrtVin5p0NctiuKmTGyaTIEAVj9Q77xukLXGXRnWxKRIIdFG4OTA2rUVGZDYOwgmAA==

"@panva/hkdf@^1.2.1":
  version "1.2.1"
  resolved "https://registry.yarnpkg.com/@panva/hkdf/-/hkdf-1.2.1.tgz#cb0d111ef700136f4580349ff0226bf25c853f23"
  integrity sha512-6oclG6Y3PiDFcoyk8srjLfVKyMfVCKJ27JwNPViuXziFpmdz+MZnZN/aKY0JGXgYuO/VghU0jcOAZgWXZ1Dmrw==

"@prisma/client@^6.5.0":
  version "6.19.2"
  resolved "https://registry.yarnpkg.com/@prisma/client/-/client-6.19.2.tgz#96cde2f9340a5d9a91a80b2e0733ede158aede5d"
  integrity sha512-gR2EMvfK/aTxsuooaDA32D8v+us/8AAet+C3J1cc04SW35FPdZYgLF+iN4NDLUgAaUGTKdAB0CYenu1TAgGdMg==

"@prisma/config@6.19.2":
  version "6.19.2"
  resolved "https://registry.yarnpkg.com/@prisma/config/-/config-6.19.2.tgz#1043f640d39854676d216618d28a873b81a0dbf1"
  integrity sha512-kadBGDl+aUswv/zZMk9Mx0C8UZs1kjao8H9/JpI4Wh4SHZaM7zkTwiKn/iFLfRg+XtOAo/Z/c6pAYhijKl0nzQ==
  dependencies:
    c12 "3.1.0"
    deepmerge-ts "7.1.5"
    effect "3.18.4"
    empathic "2.0.0"

"@prisma/debug@6.19.2":
  version "6.19.2"
  resolved "https://registry.yarnpkg.com/@prisma/debug/-/debug-6.19.2.tgz#ef2386c3e7757429cb6d0c8c6e5ad243a53310d8"
  integrity sha512-lFnEZsLdFLmEVCVNdskLDCL8Uup41GDfU0LUfquw+ercJC8ODTuL0WNKgOKmYxCJVvFwf0OuZBzW99DuWmoH2A==

"@prisma/engines-version@7.1.1-3.c2990dca591cba766e3b7ef5d9e8a84796e47ab7":
  version "7.1.1-3.c2990dca591cba766e3b7ef5d9e8a84796e47ab7"
  resolved "https://registry.yarnpkg.com/@prisma/engines-version/-/engines-version-7.1.1-3.c2990dca591cba766e3b7ef5d9e8a84796e47ab7.tgz#3a01149550262aedd8afb4a6cd00b19351124148"
  integrity sha512-03bgb1VD5gvuumNf+7fVGBzfpJPjmqV423l/WxsWk2cNQ42JD0/SsFBPhN6z8iAvdHs07/7ei77SKu7aZfq8bA==

"@prisma/engines@6.19.2":
  version "6.19.2"
  resolved "https://registry.yarnpkg.com/@prisma/engines/-/engines-6.19.2.tgz#27f658bfc30cb4850455d7eca7ed3698ab0085f4"
  integrity sha512-TTkJ8r+uk/uqczX40wb+ODG0E0icVsMgwCTyTHXehaEfb0uo80M9g1aW1tEJrxmFHeOZFXdI2sTA1j1AgcHi4A==
  dependencies:
    "@prisma/debug" "6.19.2"
    "@prisma/engines-version" "7.1.1-3.c2990dca591cba766e3b7ef5d9e8a84796e47ab7"
    "@prisma/fetch-engine" "6.19.2"
    "@prisma/get-platform" "6.19.2"

"@prisma/fetch-engine@6.19.2":
  version "6.19.2"
  resolved "https://registry.yarnpkg.com/@prisma/fetch-engine/-/fetch-engine-6.19.2.tgz#993116dc2eecfe22b1529a0da127f0e7be82f49b"
  integrity sha512-h4Ff4Pho+SR1S8XerMCC12X//oY2bG3Iug/fUnudfcXEUnIeRiBdXHFdGlGOgQ3HqKgosTEhkZMvGM9tWtYC+Q==
  dependencies:
    "@prisma/debug" "6.19.2"
    "@prisma/engines-version" "7.1.1-3.c2990dca591cba766e3b7ef5d9e8a84796e47ab7"
    "@prisma/get-platform" "6.19.2"

"@prisma/get-platform@6.19.2":
  version "6.19.2"
  resolved "https://registry.yarnpkg.com/@prisma/get-platform/-/get-platform-6.19.2.tgz#7e1b0f08972cd4ae7c13477b29f492dde0e808eb"
  integrity sha512-PGLr06JUSTqIvztJtAzIxOwtWKtJm5WwOG6xpsgD37Rc84FpfUBGLKz65YpJBGtkRQGXTYEFie7pYALocC3MtA==
  dependencies:
    "@prisma/debug" "6.19.2"

"@standard-schema/spec@^1.0.0":
  version "1.1.0"
  resolved "https://registry.yarnpkg.com/@standard-schema/spec/-/spec-1.1.0.tgz#a79b55dbaf8604812f52d140b2c9ab41bc150bb8"
  integrity sha512-l2aFy5jALhniG5HgqrD6jXLi/rUWrKvqN/qJx6yoJsgKhblVd+iqqU4RCXavm/jPityDo5TCvKMnpjKnOriy0w==

"@swc/counter@0.1.3":
  version "0.1.3"
  resolved "https://registry.yarnpkg.com/@swc/counter/-/counter-0.1.3.tgz#cc7463bd02949611c6329596fccd2b0ec782b0e9"
  integrity sha512-e2BR4lsJkkRlKZ/qCHPw9ZaSxc0MVUd7gtbtaB7aMvHeJVYe8sOB8DBZkP2DtISHGSku9sCK6T6cnY0CtXrOCQ==

"@swc/helpers@0.5.15":
  version "0.5.15"
  resolved "https://registry.yarnpkg.com/@swc/helpers/-/helpers-0.5.15.tgz#79efab344c5819ecf83a43f3f9f811fc84b516d7"
  integrity sha512-JQ5TuMi45Owi4/BIMAJBoSQoOJu12oOk/gADqlcUL9JEdHB8vyjUSsxqeNXnmXHjYKMi2WcYtezGEEhqUI/E2g==
  dependencies:
    tslib "^2.8.0"

"@types/node@^20":
  version "20.19.35"
  resolved "https://registry.yarnpkg.com/@types/node/-/node-20.19.35.tgz#117b373fd1dff528b2f9f8c2d1a85de6af8101ca"
  integrity sha512-Uarfe6J91b9HAUXxjvSOdiO2UPOKLm07Q1oh0JHxoZ1y8HoqxDAu3gVrsrOHeiio0kSsoVBt4wFrKOm0dKxVPQ==
  dependencies:
    undici-types "~6.21.0"

"@types/react-dom@^19":
  version "19.2.3"
  resolved "https://registry.yarnpkg.com/@types/react-dom/-/react-dom-19.2.3.tgz#c1e305d15a52a3e508d54dca770d202cb63abf2c"
  integrity sha512-jp2L/eY6fn+KgVVQAOqYItbF0VY/YApe5Mz2F0aykSO8gx31bYCZyvSeYxCHKvzHG5eZjc+zyaS5BrBWya2+kQ==

"@types/react@^19":
  version "19.2.14"
  resolved "https://registry.yarnpkg.com/@types/react/-/react-19.2.14.tgz#39604929b5e3957e3a6fa0001dafb17c7af70bad"
  integrity sha512-ilcTH/UniCkMdtexkoCN0bI7pMcJDvmQFPvuPvmEaYA/NSfFTAgdUSLAoVjaRJm7+6PvcM+q1zYOwS4wTYMF9w==
  dependencies:
    csstype "^3.2.2"

busboy@1.6.0:
  version "1.6.0"
  resolved "https://registry.yarnpkg.com/busboy/-/busboy-1.6.0.tgz#966ea36a9502e43cdb9146962523b92f531f6893"
  integrity sha512-8SFQbg/0hQ9xy3UNTB0YEnsNBbWfhf7RtnzpL7TkBiTBRfrQ9Fxcnz7VJsleJpyp6rVLvXiuORqjlHi5q+PYuA==
  dependencies:
    streamsearch "^1.1.0"

c12@3.1.0:
  version "3.1.0"
  resolved "https://registry.yarnpkg.com/c12/-/c12-3.1.0.tgz#9e237970e1d3b74ebae51d25945cb59664c12c89"
  integrity sha512-uWoS8OU1MEIsOv8p/5a82c3H31LsWVR5qiyXVfBNOzfffjUWtPnhAb4BYI2uG2HfGmZmFjCtui5XNWaps+iFuw==
  dependencies:
    chokidar "^4.0.3"
    confbox "^0.2.2"
    defu "^6.1.4"
    dotenv "^16.6.1"
    exsolve "^1.0.7"
    giget "^2.0.0"
    jiti "^2.4.2"
    ohash "^2.0.11"
    pathe "^2.0.3"
    perfect-debounce "^1.0.0"
    pkg-types "^2.2.0"
    rc9 "^2.1.2"

caniuse-lite@^1.0.30001579:
  version "1.0.30001775"
  resolved "https://registry.yarnpkg.com/caniuse-lite/-/caniuse-lite-1.0.30001775.tgz#9572266e3f7f77efee5deac1efeb4795879d1b7f"
  integrity sha512-s3Qv7Lht9zbVKE9XoTyRG6wVDCKdtOFIjBGg3+Yhn6JaytuNKPIjBMTMIY1AnOH3seL5mvF+x33oGAyK3hVt3A==

chokidar@^4.0.3:
  version "4.0.3"
  resolved "https://registry.yarnpkg.com/chokidar/-/chokidar-4.0.3.tgz#7be37a4c03c9aee1ecfe862a4a23b2c70c205d30"
  integrity sha512-Qgzu8kfBvo+cA4962jnP1KkS6Dop5NS6g7R5LFYJr4b8Ub94PPQXUksCw9PvXoeXPRRddRNC5C1JQUR2SMGtnA==
  dependencies:
    readdirp "^4.0.1"

citty@^0.1.6:
  version "0.1.6"
  resolved "https://registry.yarnpkg.com/citty/-/citty-0.1.6.tgz#0f7904da1ed4625e1a9ea7e0fa780981aab7c5e4"
  integrity sha512-tskPPKEs8D2KPafUypv2gxwJP8h/OaJmC82QQGGDQcHvXX43xF2VDACcJVmZ0EuSxkpO9Kc4MlrA3q0+FG58AQ==
  dependencies:
    consola "^3.2.3"

citty@^0.2.0:
  version "0.2.1"
  resolved "https://registry.yarnpkg.com/citty/-/citty-0.2.1.tgz#1b150777a3357b7b92e173fff38ea0d6ad2d08da"
  integrity sha512-kEV95lFBhQgtogAPlQfJJ0WGVSokvLr/UEoFPiKKOXF7pl98HfUVUD0ejsuTCld/9xH9vogSywZ5KqHzXrZpqg==

client-only@0.0.1:
  version "0.0.1"
  resolved "https://registry.yarnpkg.com/client-only/-/client-only-0.0.1.tgz#38bba5d403c41ab150bff64a95c85013cf73bca1"
  integrity sha512-IV3Ou0jSMzZrd3pZ48nLkT9DA7Ag1pnPzaiQhpW7c3RbcqqzvzzVu+L8gfqMp/8IM2MQtSiqaCxrrcfu8I8rMA==

color-convert@^2.0.1:
  version "2.0.1"
  resolved "https://registry.yarnpkg.com/color-convert/-/color-convert-2.0.1.tgz#72d3a68d598c9bdb3af2ad1e84f21d896abd4de3"
  integrity sha512-RRECPsj7iu/xb5oKYcsFHSppFNnsj/52OVTRKb4zP5onXwVF3zVmmToNcOfGC+CRDpfK/U584fMg38ZHCaElKQ==
  dependencies:
    color-name "~1.1.4"

color-name@^1.0.0, color-name@~1.1.4:
  version "1.1.4"
  resolved "https://registry.yarnpkg.com/color-name/-/color-name-1.1.4.tgz#c2a09a87acbde69543de6f63fa3995c826c536a2"
  integrity sha512-dOy+3AuW3a2wNbZHIuMZpTcgjGuLU/uBL/ubcZF9OXbDo8ff4O8yVp5Bf0efS8uEoYo5q4Fx7dY9OgQGXgAsQA==

color-string@^1.9.0:
  version "1.9.1"
  resolved "https://registry.yarnpkg.com/color-string/-/color-string-1.9.1.tgz#4467f9146f036f855b764dfb5bf8582bf342c7a4"
  integrity sha512-shrVawQFojnZv6xM40anx4CkoDP+fZsw/ZerEMsW/pyzsRbElpsL/DBVW7q3ExxwusdNXI3lXpuhEZkzs8p5Eg==
  dependencies:
    color-name "^1.0.0"
    simple-swizzle "^0.2.2"

color@^4.2.3:
  version "4.2.3"
  resolved "https://registry.yarnpkg.com/color/-/color-4.2.3.tgz#d781ecb5e57224ee43ea9627560107c0e0c6463a"
  integrity sha512-1rXeuUUiGGrykh+CeBdu5Ie7OJwinCgQY0bc7GCRxy5xVHy+moaqkpL/jqQq0MtQOeYcrqEz4abc5f0KtU7W4A==
  dependencies:
    color-convert "^2.0.1"
    color-string "^1.9.0"

confbox@^0.2.2:
  version "0.2.4"
  resolved "https://registry.yarnpkg.com/confbox/-/confbox-0.2.4.tgz#592e7be71f882a4a874e3c88f0ac1ef6f7da1ce5"
  integrity sha512-ysOGlgTFbN2/Y6Cg3Iye8YKulHw+R2fNXHrgSmXISQdMnomY6eNDprVdW9R5xBguEqI954+S6709UyiO7B+6OQ==

consola@^3.2.3, consola@^3.4.0:
  version "3.4.2"
  resolved "https://registry.yarnpkg.com/consola/-/consola-3.4.2.tgz#5af110145397bb67afdab77013fdc34cae590ea7"
  integrity sha512-5IKcdX0nnYavi6G7TtOhwkYzyjfJlatbjMjuLSfE2kYT5pMDOilZ4OvMhi637CcDICTmz3wARPoyhqyX1Y+XvA==

csstype@^3.2.2:
  version "3.2.3"
  resolved "https://registry.yarnpkg.com/csstype/-/csstype-3.2.3.tgz#ec48c0f3e993e50648c86da559e2610995cf989a"
  integrity sha512-z1HGKcYy2xA8AGQfwrn0PAy+PB7X/GSj3UVJW9qKyn43xWa+gl5nXmU4qqLMRzWVLFC8KusUX8T/0kCiOYpAIQ==

deepmerge-ts@7.1.5:
  version "7.1.5"
  resolved "https://registry.yarnpkg.com/deepmerge-ts/-/deepmerge-ts-7.1.5.tgz#ff818564007f5c150808d2b7b732cac83aa415ab"
  integrity sha512-HOJkrhaYsweh+W+e74Yn7YStZOilkoPb6fycpwNLKzSPtruFs48nYis0zy5yJz1+ktUhHxoRDJ27RQAWLIJVJw==

defu@^6.1.4:
  version "6.1.4"
  resolved "https://registry.yarnpkg.com/defu/-/defu-6.1.4.tgz#4e0c9cf9ff68fe5f3d7f2765cc1a012dfdcb0479"
  integrity sha512-mEQCMmwJu317oSz8CwdIOdwf3xMif1ttiM8LTufzc3g6kR+9Pe236twL8j3IYT1F7GfRgGcW6MWxzZjLIkuHIg==

destr@^2.0.3:
  version "2.0.5"
  resolved "https://registry.yarnpkg.com/destr/-/destr-2.0.5.tgz#7d112ff1b925fb8d2079fac5bdb4a90973b51fdb"
  integrity sha512-ugFTXCtDZunbzasqBxrK93Ik/DRYsO6S/fedkWEMKqt04xZ4csmnmwGDBAb07QWNaGMAmnTIemsYZCksjATwsA==

detect-libc@^2.0.3:
  version "2.1.2"
  resolved "https://registry.yarnpkg.com/detect-libc/-/detect-libc-2.1.2.tgz#689c5dcdc1900ef5583a4cb9f6d7b473742074ad"
  integrity sha512-Btj2BOOO83o3WyH59e8MgXsxEQVcarkUOpEYrubB0urwnN10yQ364rsiByU11nZlqWYZm05i/of7io4mzihBtQ==

dotenv@^16.6.1:
  version "16.6.1"
  resolved "https://registry.yarnpkg.com/dotenv/-/dotenv-16.6.1.tgz#773f0e69527a8315c7285d5ee73c4459d20a8020"
  integrity sha512-uBq4egWHTcTt33a72vpSG0z3HnPuIl6NqYcTrKEg2azoEyl2hpW0zqlxysq2pK9HlDIHyHyakeYaYnSAwd8bow==

effect@3.18.4:
  version "3.18.4"
  resolved "https://registry.yarnpkg.com/effect/-/effect-3.18.4.tgz#e241fde5cc090608c51c5e29e2da357bb5d0e815"
  integrity sha512-b1LXQJLe9D11wfnOKAk3PKxuqYshQ0Heez+y5pnkd3jLj1yx9QhM72zZ9uUrOQyNvrs2GZZd/3maL0ZV18YuDA==
  dependencies:
    "@standard-schema/spec" "^1.0.0"
    fast-check "^3.23.1"

empathic@2.0.0:
  version "2.0.0"
  resolved "https://registry.yarnpkg.com/empathic/-/empathic-2.0.0.tgz#71d3c2b94fad49532ef98a6c34be0386659f6131"
  integrity sha512-i6UzDscO/XfAcNYD75CfICkmfLedpyPDdozrLMmQc5ORaQcdMoc21OnlEylMIqI7U8eniKrPMxxtj8k0vhmJhA==

exsolve@^1.0.7:
  version "1.0.8"
  resolved "https://registry.yarnpkg.com/exsolve/-/exsolve-1.0.8.tgz#7f5e34da61cd1116deda5136e62292c096f50613"
  integrity sha512-LmDxfWXwcTArk8fUEnOfSZpHOJ6zOMUJKOtFLFqJLoKJetuQG874Uc7/Kki7zFLzYybmZhp1M7+98pfMqeX8yA==

fast-check@^3.23.1:
  version "3.23.2"
  resolved "https://registry.yarnpkg.com/fast-check/-/fast-check-3.23.2.tgz#0129f1eb7e4f500f58e8290edc83c670e4a574a2"
  integrity sha512-h5+1OzzfCC3Ef7VbtKdcv7zsstUQwUDlYpUTvjeUsJAssPgLn7QzbboPtL5ro04Mq0rPOsMzl7q5hIbRs2wD1A==
  dependencies:
    pure-rand "^6.1.0"

giget@^2.0.0:
  version "2.0.0"
  resolved "https://registry.yarnpkg.com/giget/-/giget-2.0.0.tgz#395fc934a43f9a7a29a29d55b99f23e30c14f195"
  integrity sha512-L5bGsVkxJbJgdnwyuheIunkGatUF/zssUoxxjACCseZYAVbaqdh9Tsmmlkl8vYan09H7sbvKt4pS8GqKLBrEzA==
  dependencies:
    citty "^0.1.6"
    consola "^3.4.0"
    defu "^6.1.4"
    node-fetch-native "^1.6.6"
    nypm "^0.6.0"
    pathe "^2.0.3"

is-arrayish@^0.3.1:
  version "0.3.4"
  resolved "https://registry.yarnpkg.com/is-arrayish/-/is-arrayish-0.3.4.tgz#1ee5553818511915685d33bb13d31bf854e5059d"
  integrity sha512-m6UrgzFVUYawGBh1dUsWR5M2Clqic9RVXC/9f8ceNlv2IcO9j9J/z8UoCLPqtsPBFNzEpfR3xftohbfqDx8EQA==

jiti@^2.4.2:
  version "2.6.1"
  resolved "https://registry.yarnpkg.com/jiti/-/jiti-2.6.1.tgz#178ef2fc9a1a594248c20627cd820187a4d78d92"
  integrity sha512-ekilCSN1jwRvIbgeg/57YFh8qQDNbwDb9xT/qu2DAHbFFZUicIl4ygVaAvzveMhMVr3LnpSKTNnwt8PoOfmKhQ==

jose@^6.0.6:
  version "6.1.3"
  resolved "https://registry.yarnpkg.com/jose/-/jose-6.1.3.tgz#8453d7be88af7bb7d64a0481d6a35a0145ba3ea5"
  integrity sha512-0TpaTfihd4QMNwrz/ob2Bp7X04yuxJkjRGi4aKmOqwhov54i6u79oCv7T+C7lo70MKH6BesI3vscD1yb/yzKXQ==

nanoid@^3.3.6:
  version "3.3.11"
  resolved "https://registry.yarnpkg.com/nanoid/-/nanoid-3.3.11.tgz#4f4f112cefbe303202f2199838128936266d185b"
  integrity sha512-N8SpfPUnUp1bK+PMYW8qSWdl9U+wwNWI4QKxOYDy9JAro3WMX7p2OeVRF9v+347pnakNevPmiHhNmZ2HbFA76w==

next-auth@beta:
  version "5.0.0-beta.30"
  resolved "https://registry.yarnpkg.com/next-auth/-/next-auth-5.0.0-beta.30.tgz#945af66d27d2e6defa34a4d96765df67fe4164cc"
  integrity sha512-+c51gquM3F6nMVmoAusRJ7RIoY0K4Ts9HCCwyy/BRoe4mp3msZpOzYMyb5LAYc1wSo74PMQkGDcaghIO7W6Xjg==
  dependencies:
    "@auth/core" "0.41.0"

next@15.2.8:
  version "15.2.8"
  resolved "https://registry.yarnpkg.com/next/-/next-15.2.8.tgz#8538b98c4d473bae3e00641a6f1384dad1c2661c"
  integrity sha512-pe2trLKZTdaCuvNER0S9Wp+SP2APf7SfFmyUP9/w1SFA2UqmW0u+IsxCKkiky3n6um7mryaQIlgiDnKrf1ZwIw==
  dependencies:
    "@next/env" "15.2.8"
    "@swc/counter" "0.1.3"
    "@swc/helpers" "0.5.15"
    busboy "1.6.0"
    caniuse-lite "^1.0.30001579"
    postcss "8.4.31"
    styled-jsx "5.1.6"
  optionalDependencies:
    "@next/swc-darwin-arm64" "15.2.5"
    "@next/swc-darwin-x64" "15.2.5"
    "@next/swc-linux-arm64-gnu" "15.2.5"
    "@next/swc-linux-arm64-musl" "15.2.5"
    "@next/swc-linux-x64-gnu" "15.2.5"
    "@next/swc-linux-x64-musl" "15.2.5"
    "@next/swc-win32-arm64-msvc" "15.2.5"
    "@next/swc-win32-x64-msvc" "15.2.5"
    sharp "^0.33.5"

node-fetch-native@^1.6.6:
  version "1.6.7"
  resolved "https://registry.yarnpkg.com/node-fetch-native/-/node-fetch-native-1.6.7.tgz#9d09ca63066cc48423211ed4caf5d70075d76a71"
  integrity sha512-g9yhqoedzIUm0nTnTqAQvueMPVOuIY16bqgAJJC8XOOubYFNwz6IER9qs0Gq2Xd0+CecCKFjtdDTMA4u4xG06Q==

nypm@^0.6.0:
  version "0.6.5"
  resolved "https://registry.yarnpkg.com/nypm/-/nypm-0.6.5.tgz#5edd97310ee468fa3306b9ef5fe82b8ef6605b57"
  integrity sha512-K6AJy1GMVyfyMXRVB88700BJqNUkByijGJM8kEHpLdcAt+vSQAVfkWWHYzuRXHSY6xA2sNc5RjTj0p9rE2izVQ==
  dependencies:
    citty "^0.2.0"
    pathe "^2.0.3"
    tinyexec "^1.0.2"

oauth4webapi@^3.3.0:
  version "3.8.5"
  resolved "https://registry.yarnpkg.com/oauth4webapi/-/oauth4webapi-3.8.5.tgz#4aa8a73f5c4644daf674a7c40497be910db99d3f"
  integrity sha512-A8jmyUckVhRJj5lspguklcl90Ydqk61H3dcU0oLhH3Yv13KpAliKTt5hknpGGPZSSfOwGyraNEFmofDYH+1kSg==

ohash@^2.0.11:
  version "2.0.11"
  resolved "https://registry.yarnpkg.com/ohash/-/ohash-2.0.11.tgz#60b11e8cff62ca9dee88d13747a5baa145f5900b"
  integrity sha512-RdR9FQrFwNBNXAr4GixM8YaRZRJ5PUWbKYbE5eOsrwAjJW0q2REGcf79oYPsLyskQCZG1PLN+S/K1V00joZAoQ==

pathe@^2.0.3:
  version "2.0.3"
  resolved "https://registry.yarnpkg.com/pathe/-/pathe-2.0.3.tgz#3ecbec55421685b70a9da872b2cff3e1cbed1716"
  integrity sha512-WUjGcAqP1gQacoQe+OBJsFA7Ld4DyXuUIjZ5cc75cLHvJ7dtNsTugphxIADwspS+AraAUePCKrSVtPLFj/F88w==

perfect-debounce@^1.0.0:
  version "1.0.0"
  resolved "https://registry.yarnpkg.com/perfect-debounce/-/perfect-debounce-1.0.0.tgz#9c2e8bc30b169cc984a58b7d5b28049839591d2a"
  integrity sha512-xCy9V055GLEqoFaHoC1SoLIaLmWctgCUaBaWxDZ7/Zx4CTyX7cJQLJOok/orfjZAh9kEYpjJa4d0KcJmCbctZA==

picocolors@^1.0.0:
  version "1.1.1"
  resolved "https://registry.yarnpkg.com/picocolors/-/picocolors-1.1.1.tgz#3d321af3eab939b083c8f929a1d12cda81c26b6b"
  integrity sha512-xceH2snhtb5M9liqDsmEw56le376mTZkEX/jEb/RxNFyegNul7eNslCXP9FDj/Lcu0X8KEyMceP2ntpaHrDEVA==

pkg-types@^2.2.0:
  version "2.3.0"
  resolved "https://registry.yarnpkg.com/pkg-types/-/pkg-types-2.3.0.tgz#037f2c19bd5402966ff6810e32706558cb5b5726"
  integrity sha512-SIqCzDRg0s9npO5XQ3tNZioRY1uK06lA41ynBC1YmFTmnY6FjUjVt6s4LoADmwoig1qqD0oK8h1p/8mlMx8Oig==
  dependencies:
    confbox "^0.2.2"
    exsolve "^1.0.7"
    pathe "^2.0.3"

postcss@8.4.31:
  version "8.4.31"
  resolved "https://registry.yarnpkg.com/postcss/-/postcss-8.4.31.tgz#92b451050a9f914da6755af352bdc0192508656d"
  integrity sha512-PS08Iboia9mts/2ygV3eLpY5ghnUcfLV/EXTOW1E2qYxJKGGBUtNjN76FYHnMs36RmARn41bC0AZmn+rR0OVpQ==
  dependencies:
    nanoid "^3.3.6"
    picocolors "^1.0.0"
    source-map-js "^1.0.2"

preact-render-to-string@6.5.11:
  version "6.5.11"
  resolved "https://registry.yarnpkg.com/preact-render-to-string/-/preact-render-to-string-6.5.11.tgz#467e69908a453497bb93d4d1fc35fb749a78e027"
  integrity sha512-ubnauqoGczeGISiOh6RjX0/cdaF8v/oDXIjO85XALCQjwQP+SB4RDXXtvZ6yTYSjG+PC1QRP2AhPgCEsM2EvUw==

preact@10.24.3:
  version "10.24.3"
  resolved "https://registry.yarnpkg.com/preact/-/preact-10.24.3.tgz#086386bd47071e3b45410ef20844c21e23828f64"
  integrity sha512-Z2dPnBnMUfyQfSQ+GBdsGa16hz35YmLmtTLhM169uW944hYL6xzTYkJjC07j+Wosz733pMWx0fgON3JNw1jJQA==

prisma@^6.5.0:
  version "6.19.2"
  resolved "https://registry.yarnpkg.com/prisma/-/prisma-6.19.2.tgz#ad6f41a57fd855c730898cccb77da5d2c9d1774d"
  integrity sha512-XTKeKxtQElcq3U9/jHyxSPgiRgeYDKxWTPOf6NkXA0dNj5j40MfEsZkMbyNpwDWCUv7YBFUl7I2VK/6ALbmhEg==
  dependencies:
    "@prisma/config" "6.19.2"
    "@prisma/engines" "6.19.2"

pure-rand@^6.1.0:
  version "6.1.0"
  resolved "https://registry.yarnpkg.com/pure-rand/-/pure-rand-6.1.0.tgz#d173cf23258231976ccbdb05247c9787957604f2"
  integrity sha512-bVWawvoZoBYpp6yIoQtQXHZjmz35RSVHnUOTefl8Vcjr8snTPY1wnpSPMWekcFwbxI6gtmT7rSYPFvz71ldiOA==

rc9@^2.1.2:
  version "2.1.2"
  resolved "https://registry.yarnpkg.com/rc9/-/rc9-2.1.2.tgz#6282ff638a50caa0a91a31d76af4a0b9cbd1080d"
  integrity sha512-btXCnMmRIBINM2LDZoEmOogIZU7Qe7zn4BpomSKZ/ykbLObuBdvG+mFq11DL6fjH1DRwHhrlgtYWG96bJiC7Cg==
  dependencies:
    defu "^6.1.4"
    destr "^2.0.3"

react-dom@^19.0.0:
  version "19.2.4"
  resolved "https://registry.yarnpkg.com/react-dom/-/react-dom-19.2.4.tgz#6fac6bd96f7db477d966c7ec17c1a2b1ad8e6591"
  integrity sha512-AXJdLo8kgMbimY95O2aKQqsz2iWi9jMgKJhRBAxECE4IFxfcazB2LmzloIoibJI3C12IlY20+KFaLv+71bUJeQ==
  dependencies:
    scheduler "^0.27.0"

react@^19.0.0:
  version "19.2.4"
  resolved "https://registry.yarnpkg.com/react/-/react-19.2.4.tgz#438e57baa19b77cb23aab516cf635cd0579ee09a"
  integrity sha512-9nfp2hYpCwOjAN+8TZFGhtWEwgvWHXqESH8qT89AT/lWklpLON22Lc8pEtnpsZz7VmawabSU0gCjnj8aC0euHQ==

readdirp@^4.0.1:
  version "4.1.2"
  resolved "https://registry.yarnpkg.com/readdirp/-/readdirp-4.1.2.tgz#eb85801435fbf2a7ee58f19e0921b068fc69948d"
  integrity sha512-GDhwkLfywWL2s6vEjyhri+eXmfH6j1L7JE27WhqLeYzoh/A3DBaYGEj2H/HFZCn/kMfim73FXxEJTw06WtxQwg==

scheduler@^0.27.0:
  version "0.27.0"
  resolved "https://registry.yarnpkg.com/scheduler/-/scheduler-0.27.0.tgz#0c4ef82d67d1e5c1e359e8fc76d3a87f045fe5bd"
  integrity sha512-eNv+WrVbKu1f3vbYJT/xtiF5syA5HPIMtf9IgY/nKg0sWqzAUEvqY/xm7OcZc/qafLx/iO9FgOmeSAp4v5ti/Q==

semver@^7.6.3:
  version "7.7.4"
  resolved "https://registry.yarnpkg.com/semver/-/semver-7.7.4.tgz#28464e36060e991fa7a11d0279d2d3f3b57a7e8a"
  integrity sha512-vFKC2IEtQnVhpT78h1Yp8wzwrf8CM+MzKMHGJZfBtzhZNycRFnXsHk6E5TxIkkMsgNS7mdX3AGB7x2QM2di4lA==

sharp@^0.33.5:
  version "0.33.5"
  resolved "https://registry.yarnpkg.com/sharp/-/sharp-0.33.5.tgz#13e0e4130cc309d6a9497596715240b2ec0c594e"
  integrity sha512-haPVm1EkS9pgvHrQ/F3Xy+hgcuMV0Wm9vfIBSiwZ05k+xgb0PkBQpGsAA/oWdDobNaZTH5ppvHtzCFbnSEwHVw==
  dependencies:
    color "^4.2.3"
    detect-libc "^2.0.3"
    semver "^7.6.3"
  optionalDependencies:
    "@img/sharp-darwin-arm64" "0.33.5"
    "@img/sharp-darwin-x64" "0.33.5"
    "@img/sharp-libvips-darwin-arm64" "1.0.4"
    "@img/sharp-libvips-darwin-x64" "1.0.4"
    "@img/sharp-libvips-linux-arm" "1.0.5"
    "@img/sharp-libvips-linux-arm64" "1.0.4"
    "@img/sharp-libvips-linux-s390x" "1.0.4"
    "@img/sharp-libvips-linux-x64" "1.0.4"
    "@img/sharp-libvips-linuxmusl-arm64" "1.0.4"
    "@img/sharp-libvips-linuxmusl-x64" "1.0.4"
    "@img/sharp-linux-arm" "0.33.5"
    "@img/sharp-linux-arm64" "0.33.5"
    "@img/sharp-linux-s390x" "0.33.5"
    "@img/sharp-linux-x64" "0.33.5"
    "@img/sharp-linuxmusl-arm64" "0.33.5"
    "@img/sharp-linuxmusl-x64" "0.33.5"
    "@img/sharp-wasm32" "0.33.5"
    "@img/sharp-win32-ia32" "0.33.5"
    "@img/sharp-win32-x64" "0.33.5"

simple-swizzle@^0.2.2:
  version "0.2.4"
  resolved "https://registry.yarnpkg.com/simple-swizzle/-/simple-swizzle-0.2.4.tgz#a8d11a45a11600d6a1ecdff6363329e3648c3667"
  integrity sha512-nAu1WFPQSMNr2Zn9PGSZK9AGn4t/y97lEm+MXTtUDwfP0ksAIX4nO+6ruD9Jwut4C49SB1Ws+fbXsm/yScWOHw==
  dependencies:
    is-arrayish "^0.3.1"

source-map-js@^1.0.2:
  version "1.2.1"
  resolved "https://registry.yarnpkg.com/source-map-js/-/source-map-js-1.2.1.tgz#1ce5650fddd87abc099eda37dcff024c2667ae46"
  integrity sha512-UXWMKhLOwVKb728IUtQPXxfYU+usdybtUrK/8uGE8CQMvrhOpwvzDBwj0QhSL7MQc7vIsISBG8VQ8+IDQxpfQA==

streamsearch@^1.1.0:
  version "1.1.0"
  resolved "https://registry.yarnpkg.com/streamsearch/-/streamsearch-1.1.0.tgz#404dd1e2247ca94af554e841a8ef0eaa238da764"
  integrity sha512-Mcc5wHehp9aXz1ax6bZUyY5afg9u2rv5cqQI3mRrYkGC8rW2hM02jWuwjtL++LS5qinSyhj2QfLyNsuc+VsExg==

styled-jsx@5.1.6:
  version "5.1.6"
  resolved "https://registry.yarnpkg.com/styled-jsx/-/styled-jsx-5.1.6.tgz#83b90c077e6c6a80f7f5e8781d0f311b2fe41499"
  integrity sha512-qSVyDTeMotdvQYoHWLNGwRFJHC+i+ZvdBRYosOFgC+Wg1vx4frN2/RG/NA7SYqqvKNLf39P2LSRA2pu6n0XYZA==
  dependencies:
    client-only "0.0.1"

tinyexec@^1.0.2:
  version "1.0.2"
  resolved "https://registry.yarnpkg.com/tinyexec/-/tinyexec-1.0.2.tgz#bdd2737fe2ba40bd6f918ae26642f264b99ca251"
  integrity sha512-W/KYk+NFhkmsYpuHq5JykngiOCnxeVL8v8dFnqxSD8qEEdRfXk1SDM6JzNqcERbcGYj9tMrDQBYV9cjgnunFIg==

tslib@^2.4.0, tslib@^2.8.0:
  version "2.8.1"
  resolved "https://registry.yarnpkg.com/tslib/-/tslib-2.8.1.tgz#612efe4ed235d567e8aba5f2a5fab70280ade83f"
  integrity sha512-oJFu94HQb+KVduSUQL7wnpmqnfmLsOA/nAh6b6EH0wCEoK0/mPeXU6c3wKDV83MkOuHPRHtSXKKU99IBazS/2w==

typescript@^5:
  version "5.9.3"
  resolved "https://registry.yarnpkg.com/typescript/-/typescript-5.9.3.tgz#5b4f59e15310ab17a216f5d6cf53ee476ede670f"
  integrity sha512-jl1vZzPDinLr9eUt3J/t7V6FgNEw9QjvBPdysz9KfQDD41fQrC2Y4vKQdiaUpFT4bXlb1RHhLpp8wtm6M5TgSw==

undici-types@~6.21.0:
  version "6.21.0"
  resolved "https://registry.yarnpkg.com/undici-types/-/undici-types-6.21.0.tgz#691d00af3909be93a7faa13be61b3a5b50ef12cb"
  integrity sha512-iwDZqg0QAGrg9Rav5H4n0M64c3mkR59cJ6wQp+7C4nI0gsmExaedaYLNO44eT4AtBBwjbTiGPMlt2Md0T9H9JQ==
